
Microsoft Visual Studio Solution File, Format Version 12.00
# Visual Studio Version 17
VisualStudioVersion = 17.11.35431.28
MinimumVisualStudioVersion = 10.0.40219.1
Project("{FAE04EC0-301F-11D3-BF4B-00C04F79EFBC}") = "Unmiss", "Unmiss.csproj", "{C24316E4-193F-4F34-91DD-7611050BA7A3}"
EndProject
Global
	GlobalSection(SolutionConfigurationPlatforms) = preSolution
		Debug|Any CPU = Debug|Any CPU
		Release|Any CPU = Release|Any CPU
	EndGlobalSection
	GlobalSection(ProjectConfigurationPlatforms) = postSolution
		{C24316E4-193F-4F34-91DD-7611050BA7A3}.Debug|Any CPU.ActiveCfg = Debug|Any CPU
		{C24316E4-193F-4F34-91DD-7611050BA7A3}.Debug|Any CPU.Build.0 = Debug|Any CPU
		{C24316E4-193F-4F34-91DD-7611050BA7A3}.Release|Any CPU.ActiveCfg = Release|Any CPU
		{C24316E4-193F-4F34-91DD-7611050BA7A3}.Release|Any CPU.Build.0 = Release|Any CPU
	EndGlobalSection
	GlobalSection(SolutionProperties) = preSolution
		HideSolutionNode = FALSE
	EndGlobalSection
	GlobalSection(ExtensibilityGlobals) = postSolution
		SolutionGuid = {2757C42A-1608-4739-A981-C4E98C439CC1}
	EndGlobalSection
EndGlobal
